# THIS IS AN AUTOGENERATED FILE. DO NOT EDIT THIS FILE DIRECTLY.
# yarn lockfile v1


"@types/node@>=8.0.0 <15":
  version "14.14.34"
  resolved "https://registry.npm.taobao.org/@types/node/download/@types/node-14.14.34.tgz?cache=0&sync_timestamp=1615550662720&other_urls=https%3A%2F%2Fregistry.npm.taobao.org%2F%40types%2Fnode%2Fdownload%2F%40types%2Fnode-14.14.34.tgz#07935194fc049069a1c56c0c274265abeddf88da"
  integrity sha1-B5NRlPwEkGmhxWwMJ0Jlq+3fiNo=

abort-controller@^3.0.0:
  version "3.0.0"
  resolved "https://registry.npm.taobao.org/abort-controller/download/abort-controller-3.0.0.tgz#eaf54d53b62bae4138e809ca225c8439a6efb392"
  integrity sha1-6vVNU7YrrkE46AnKIlyEOabvs5I=
  dependencies:
    event-target-shim "^5.0.0"

abortcontroller-polyfill@^1.4.0:
  version "1.7.1"
  resolved "https://registry.npm.taobao.org/abortcontroller-polyfill/download/abortcontroller-polyfill-1.7.1.tgz#27084bac87d78a7224c8ee78135d05df430c2d2f"
  integrity sha1-JwhLrIfXinIkyO54E10F30MMLS8=

airtable@^0.10.1:
  version "0.10.1"
  resolved "https://registry.npm.taobao.org/airtable/download/airtable-0.10.1.tgz#0b311002bb44b39f19bf7c4bd2d47d75c733bf87"
  integrity sha1-CzEQArtEs58Zv3xL0tR9dcczv4c=
  dependencies:
    "@types/node" ">=8.0.0 <15"
    abort-controller "^3.0.0"
    abortcontroller-polyfill "^1.4.0"
    lodash "^4.17.19"
    node-fetch "^2.6.1"

event-target-shim@^5.0.0:
  version "5.0.1"
  resolved "https://registry.npm.taobao.org/event-target-shim/download/event-target-shim-5.0.1.tgz?cache=0&sync_timestamp=1610013435451&other_urls=https%3A%2F%2Fregistry.npm.taobao.org%2Fevent-target-shim%2Fdownload%2Fevent-target-shim-5.0.1.tgz#5d4d3ebdf9583d63a5333ce2deb7480ab2b05789"
  integrity sha1-XU0+vflYPWOlMzzi3rdICrKwV4k=

lodash@^4.17.19:
  version "4.17.21"
  resolved "https://registry.npm.taobao.org/lodash/download/lodash-4.17.21.tgz#679591c564c3bffaae8454cf0b3df370c3d6911c"
  integrity sha1-Z5WRxWTDv/quhFTPCz3zcMPWkRw=

node-fetch@^2.6.1:
  version "2.6.1"
  resolved "https://registry.npm.taobao.org/node-fetch/download/node-fetch-2.6.1.tgz?cache=0&sync_timestamp=1599309206591&other_urls=https%3A%2F%2Fregistry.npm.taobao.org%2Fnode-fetch%2Fdownload%2Fnode-fetch-2.6.1.tgz#045bd323631f76ed2e2b55573394416b639a0052"
  integrity sha1-BFvTI2Mfdu0uK1VXM5RBa2OaAFI=
